
Microsoft Visual Studio Solution File, Format Version 12.00
# Visual Studio Version 17
VisualStudioVersion = 17.1.32328.378
MinimumVisualStudioVersion = 10.0.40219.1
Project("{FAE04EC0-301F-11D3-BF4B-00C04F79EFBC}") = "Journey-Models", "Journey-Models\Journey-Models.csproj", "{773556E7-6FC4-4A05-B55C-B677F7C2BA41}"
EndProject
Global
	GlobalSection(SolutionConfigurationPlatforms) = preSolution
		Debug|Any CPU = Debug|Any CPU
		Release|Any CPU = Release|Any CPU
	EndGlobalSection
	GlobalSection(ProjectConfigurationPlatforms) = postSolution
		{773556E7-6FC4-4A05-B55C-B677F7C2BA41}.Debug|Any CPU.ActiveCfg = Debug|Any CPU
		{773556E7-6FC4-4A05-B55C-B677F7C2BA41}.Debug|Any CPU.Build.0 = Debug|Any CPU
		{773556E7-6FC4-4A05-B55C-B677F7C2BA41}.Release|Any CPU.ActiveCfg = Release|Any CPU
		{773556E7-6FC4-4A05-B55C-B677F7C2BA41}.Release|Any CPU.Build.0 = Release|Any CPU
	EndGlobalSection
	GlobalSection(SolutionProperties) = preSolution
		HideSolutionNode = FALSE
	EndGlobalSection
	GlobalSection(ExtensibilityGlobals) = postSolution
		SolutionGuid = {2AD93969-DAD1-42D8-A4C5-231E9D93CC97}
	EndGlobalSection
EndGlobal
